// !$*UTF8*$!
{
	archiveVersion = 1;
	classes = {
	};
	objectVersion = 46;
	objects = {

/* Begin PBXBuildFile section */
		4F086FFA1637002E00E317C1 /* DZAppRater.m in Sources */ = {isa = PBXBuildFile; fileRef = 4F44B5601636FF6D00DD9EDD /* DZAppRater.m */; };
		4F3872DA1636D8F00052F2EE /* UIKit.framework in Frameworks */ = {isa = PBXBuildFile; fileRef = 4F3872D91636D8F00052F2EE /* UIKit.framework */; };
		4F3872DC1636D8F00052F2EE /* Foundation.framework in Frameworks */ = {isa = PBXBuildFile; fileRef = 4F3872DB1636D8F00052F2EE /* Foundation.framework */; };
		4F3872DE1636D8F00052F2EE /* CoreGraphics.framework in Frameworks */ = {isa = PBXBuildFile; fileRef = 4F3872DD1636D8F00052F2EE /* CoreGraphics.framework */; };
		4F3872E41636D8F00052F2EE /* InfoPlist.strings in Resources */ = {isa = PBXBuildFile; fileRef = 4F3872E21636D8F00052F2EE /* InfoPlist.strings */; };
		4F3872E61636D8F00052F2EE /* main.m in Sources */ = {isa = PBXBuildFile; fileRef = 4F3872E51636D8F00052F2EE /* main.m */; };
		4F3872EA1636D8F00052F2EE /* AppDelegate.m in Sources */ = {isa = PBXBuildFile; fileRef = 4F3872E91636D8F00052F2EE /* AppDelegate.m */; };
		4F3872EC1636D8F00052F2EE /* Default.png in Resources */ = {isa = PBXBuildFile; fileRef = 4F3872EB1636D8F00052F2EE /* Default.png */; };
		4F3872EE1636D8F00052F2EE /* Default@2x.png in Resources */ = {isa = PBXBuildFile; fileRef = 4F3872ED1636D8F00052F2EE /* Default@2x.png */; };
		4F3872F01636D8F00052F2EE /* Default-568h@2x.png in Resources */ = {isa = PBXBuildFile; fileRef = 4F3872EF1636D8F00052F2EE /* Default-568h@2x.png */; };
		4F3872F81636D8F00052F2EE /* SenTestingKit.framework in Frameworks */ = {isa = PBXBuildFile; fileRef = 4F3872F71636D8F00052F2EE /* SenTestingKit.framework */; };
		4F3872F91636D8F00052F2EE /* UIKit.framework in Frameworks */ = {isa = PBXBuildFile; fileRef = 4F3872D91636D8F00052F2EE /* UIKit.framework */; };
		4F3872FA1636D8F00052F2EE /* Foundation.framework in Frameworks */ = {isa = PBXBuildFile; fileRef = 4F3872DB1636D8F00052F2EE /* Foundation.framework */; };
		4F3873021636D8F00052F2EE /* InfoPlist.strings in Resources */ = {isa = PBXBuildFile; fileRef = 4F3873001636D8F00052F2EE /* InfoPlist.strings */; };
		4F3873051636D8F00052F2EE /* SimpleRaterTests.m in Sources */ = {isa = PBXBuildFile; fileRef = 4F3873041636D8F00052F2EE /* SimpleRaterTests.m */; };
		4F44B5611636FF6D00DD9EDD /* DZAppRater.m in Sources */ = {isa = PBXBuildFile; fileRef = 4F44B5601636FF6D00DD9EDD /* DZAppRater.m */; };
/* End PBXBuildFile section */

/* Begin PBXContainerItemProxy section */
		4F3872FB1636D8F00052F2EE /* PBXContainerItemProxy */ = {
			isa = PBXContainerItemProxy;
			containerPortal = 4F3872CC1636D8F00052F2EE /* Project object */;
			proxyType = 1;
			remoteGlobalIDString = 4F3872D41636D8F00052F2EE;
			remoteInfo = SimpleRater;
		};
/* End PBXContainerItemProxy section */

/* Begin PBXFileReference section */
		4F3872D51636D8F00052F2EE /* SimpleRater.app */ = {isa = PBXFileReference; explicitFileType = wrapper.application; includeInIndex = 0; path = SimpleRater.app; sourceTree = BUILT_PRODUCTS_DIR; };
		4F3872D91636D8F00052F2EE /* UIKit.framework */ = {isa = PBXFileReference; lastKnownFileType = wrapper.framework; name = UIKit.framework; path = System/Library/Frameworks/UIKit.framework; sourceTree = SDKROOT; };
		4F3872DB1636D8F00052F2EE /* Foundation.framework */ = {isa = PBXFileReference; lastKnownFileType = wrapper.framework; name = Foundation.framework; path = System/Library/Frameworks/Foundation.framework; sourceTree = SDKROOT; };
		4F3872DD1636D8F00052F2EE /* CoreGraphics.framework */ = {isa = PBXFileReference; lastKnownFileType = wrapper.framework; name = CoreGraphics.framework; path = System/Library/Frameworks/CoreGraphics.framework; sourceTree = SDKROOT; };
		4F3872E11636D8F00052F2EE /* SimpleRater-Info.plist */ = {isa = PBXFileReference; lastKnownFileType = text.plist.xml; path = "SimpleRater-Info.plist"; sourceTree = "<group>"; };
		4F3872E31636D8F00052F2EE /* en */ = {isa = PBXFileReference; lastKnownFileType = text.plist.strings; name = en; path = en.lproj/InfoPlist.strings; sourceTree = "<group>"; };
		4F3872E51636D8F00052F2EE /* main.m */ = {isa = PBXFileReference; lastKnownFileType = sourcecode.c.objc; path = main.m; sourceTree = "<group>"; };
		4F3872E71636D8F00052F2EE /* SimpleRater-Prefix.pch */ = {isa = PBXFileReference; lastKnownFileType = sourcecode.c.h; path = "SimpleRater-Prefix.pch"; sourceTree = "<group>"; };
		4F3872E81636D8F00052F2EE /* AppDelegate.h */ = {isa = PBXFileReference; lastKnownFileType = sourcecode.c.h; path = AppDelegate.h; sourceTree = "<group>"; };
		4F3872E91636D8F00052F2EE /* AppDelegate.m */ = {isa = PBXFileReference; lastKnownFileType = sourcecode.c.objc; path = AppDelegate.m; sourceTree = "<group>"; };
		4F3872EB1636D8F00052F2EE /* Default.png */ = {isa = PBXFileReference; lastKnownFileType = image.png; path = Default.png; sourceTree = "<group>"; };
		4F3872ED1636D8F00052F2EE /* Default@2x.png */ = {isa = PBXFileReference; lastKnownFileType = image.png; path = "Default@2x.png"; sourceTree = "<group>"; };
		4F3872EF1636D8F00052F2EE /* Default-568h@2x.png */ = {isa = PBXFileReference; lastKnownFileType = image.png; path = "Default-568h@2x.png"; sourceTree = "<group>"; };
		4F3872F61636D8F00052F2EE /* SimpleRaterTests.octest */ = {isa = PBXFileReference; explicitFileType = wrapper.cfbundle; includeInIndex = 0; path = SimpleRaterTests.octest; sourceTree = BUILT_PRODUCTS_DIR; };
		4F3872F71636D8F00052F2EE /* SenTestingKit.framework */ = {isa = PBXFileReference; lastKnownFileType = wrapper.framework; name = SenTestingKit.framework; path = Library/Frameworks/SenTestingKit.framework; sourceTree = DEVELOPER_DIR; };
		4F3872FF1636D8F00052F2EE /* SimpleRaterTests-Info.plist */ = {isa = PBXFileReference; lastKnownFileType = text.plist.xml; path = "SimpleRaterTests-Info.plist"; sourceTree = "<group>"; };
		4F3873011636D8F00052F2EE /* en */ = {isa = PBXFileReference; lastKnownFileType = text.plist.strings; name = en; path = en.lproj/InfoPlist.strings; sourceTree = "<group>"; };
		4F3873031636D8F00052F2EE /* SimpleRaterTests.h */ = {isa = PBXFileReference; lastKnownFileType = sourcecode.c.h; path = SimpleRaterTests.h; sourceTree = "<group>"; };
		4F3873041636D8F00052F2EE /* SimpleRaterTests.m */ = {isa = PBXFileReference; lastKnownFileType = sourcecode.c.objc; path = SimpleRaterTests.m; sourceTree = "<group>"; };
		4F44B55F1636FF6D00DD9EDD /* DZAppRater.h */ = {isa = PBXFileReference; fileEncoding = 4; lastKnownFileType = sourcecode.c.h; name = DZAppRater.h; path = ../../../Sources/DZAppRater.h; sourceTree = "<group>"; };
		4F44B5601636FF6D00DD9EDD /* DZAppRater.m */ = {isa = PBXFileReference; fileEncoding = 4; lastKnownFileType = sourcecode.c.objc; name = DZAppRater.m; path = ../../../Sources/DZAppRater.m; sourceTree = "<group>"; };
/* End PBXFileReference section */

/* Begin PBXFrameworksBuildPhase section */
		4F3872D21636D8F00052F2EE /* Frameworks */ = {
			isa = PBXFrameworksBuildPhase;
			buildActionMask = 2147483647;
			files = (
				4F3872DA1636D8F00052F2EE /* UIKit.framework in Frameworks */,
				4F3872DC1636D8F00052F2EE /* Foundation.framework in Frameworks */,
				4F3872DE1636D8F00052F2EE /* CoreGraphics.framework in Frameworks */,
			);
			runOnlyForDeploymentPostprocessing = 0;
		};
		4F3872F21636D8F00052F2EE /* Frameworks */ = {
			isa = PBXFrameworksBuildPhase;
			buildActionMask = 2147483647;
			files = (
				4F3872F81636D8F00052F2EE /* SenTestingKit.framework in Frameworks */,
				4F3872F91636D8F00052F2EE /* UIKit.framework in Frameworks */,
				4F3872FA1636D8F00052F2EE /* Foundation.framework in Frameworks */,
			);
			runOnlyForDeploymentPostprocessing = 0;
		};
/* End PBXFrameworksBuildPhase section */

/* Begin PBXGroup section */
		4F3872CA1636D8F00052F2EE = {
			isa = PBXGroup;
			children = (
				4F3872DF1636D8F00052F2EE /* SimpleRater */,
				4F3872FD1636D8F00052F2EE /* SimpleRaterTests */,
				4F3872D81636D8F00052F2EE /* Frameworks */,
				4F3872D61636D8F00052F2EE /* Products */,
			);
			sourceTree = "<group>";
		};
		4F3872D61636D8F00052F2EE /* Products */ = {
			isa = PBXGroup;
			children = (
				4F3872D51636D8F00052F2EE /* SimpleRater.app */,
				4F3872F61636D8F00052F2EE /* SimpleRaterTests.octest */,
			);
			name = Products;
			sourceTree = "<group>";
		};
		4F3872D81636D8F00052F2EE /* Frameworks */ = {
			isa = PBXGroup;
			children = (
				4F3872D91636D8F00052F2EE /* UIKit.framework */,
				4F3872DB1636D8F00052F2EE /* Foundation.framework */,
				4F3872DD1636D8F00052F2EE /* CoreGraphics.framework */,
				4F3872F71636D8F00052F2EE /* SenTestingKit.framework */,
			);
			name = Frameworks;
			sourceTree = "<group>";
		};
		4F3872DF1636D8F00052F2EE /* SimpleRater */ = {
			isa = PBXGroup;
			children = (
				4F3872E81636D8F00052F2EE /* AppDelegate.h */,
				4F3872E91636D8F00052F2EE /* AppDelegate.m */,
				4F3873121636D9050052F2EE /* DZAppRater */,
				4F3872E01636D8F00052F2EE /* Supporting Files */,
			);
			path = SimpleRater;
			sourceTree = "<group>";
		};
		4F3872E01636D8F00052F2EE /* Supporting Files */ = {
			isa = PBXGroup;
			children = (
				4F3872E11636D8F00052F2EE /* SimpleRater-Info.plist */,
				4F3872E21636D8F00052F2EE /* InfoPlist.strings */,
				4F3872E51636D8F00052F2EE /* main.m */,
				4F3872E71636D8F00052F2EE /* SimpleRater-Prefix.pch */,
				4F3872EB1636D8F00052F2EE /* Default.png */,
				4F3872ED1636D8F00052F2EE /* Default@2x.png */,
				4F3872EF1636D8F00052F2EE /* Default-568h@2x.png */,
			);
			name = "Supporting Files";
			sourceTree = "<group>";
		};
		4F3872FD1636D8F00052F2EE /* SimpleRaterTests */ = {
			isa = PBXGroup;
			children = (
				4F3873031636D8F00052F2EE /* SimpleRaterTests.h */,
				4F3873041636D8F00052F2EE /* SimpleRaterTests.m */,
				4F3872FE1636D8F00052F2EE /* Supporting Files */,
			);
			path = SimpleRaterTests;
			sourceTree = "<group>";
		};
		4F3872FE1636D8F00052F2EE /* Supporting Files */ = {
			isa = PBXGroup;
			children = (
				4F3872FF1636D8F00052F2EE /* SimpleRaterTests-Info.plist */,
				4F3873001636D8F00052F2EE /* InfoPlist.strings */,
			);
			name = "Supporting Files";
			sourceTree = "<group>";
		};
		4F3873121636D9050052F2EE /* DZAppRater */ = {
			isa = PBXGroup;
			children = (
				4F44B55F1636FF6D00DD9EDD /* DZAppRater.h */,
				4F44B5601636FF6D00DD9EDD /* DZAppRater.m */,
			);
			name = DZAppRater;
			sourceTree = "<group>";
		};
/* End PBXGroup section */

/* Begin PBXNativeTarget section */
		4F3872D41636D8F00052F2EE /* SimpleRater */ = {
			isa = PBXNativeTarget;
			buildConfigurationList = 4F3873081636D8F00052F2EE /* Build configuration list for PBXNativeTarget "SimpleRater" */;
			buildPhases = (
				4F3872D11636D8F00052F2EE /* Sources */,
				4F3872D21636D8F00052F2EE /* Frameworks */,
				4F3872D31636D8F00052F2EE /* Resources */,
			);
			buildRules = (
			);
			dependencies = (
			);
			name = SimpleRater;
			productName = SimpleRater;
			productReference = 4F3872D51636D8F00052F2EE /* SimpleRater.app */;
			productType = "com.apple.product-type.application";
		};
		4F3872F51636D8F00052F2EE /* SimpleRaterTests */ = {
			isa = PBXNativeTarget;
			buildConfigurationList = 4F38730B1636D8F00052F2EE /* Build configuration list for PBXNativeTarget "SimpleRaterTests" */;
			buildPhases = (
				4F3872F11636D8F00052F2EE /* Sources */,
				4F3872F21636D8F00052F2EE /* Frameworks */,
				4F3872F31636D8F00052F2EE /* Resources */,
				4F3872F41636D8F00052F2EE /* ShellScript */,
			);
			buildRules = (
			);
			dependencies = (
				4F3872FC1636D8F00052F2EE /* PBXTargetDependency */,
			);
			name = SimpleRaterTests;
			productName = SimpleRaterTests;
			productReference = 4F3872F61636D8F00052F2EE /* SimpleRaterTests.octest */;
			productType = "com.apple.product-type.bundle";
		};
/* End PBXNativeTarget section */

/* Begin PBXProject section */
		4F3872CC1636D8F00052F2EE /* Project object */ = {
			isa = PBXProject;
			attributes = {
				LastUpgradeCheck = 0450;
				ORGANIZATIONNAME = DZEN;
			};
			buildConfigurationList = 4F3872CF1636D8F00052F2EE /* Build configuration list for PBXProject "SimpleRater" */;
			compatibilityVersion = "Xcode 3.2";
			developmentRegion = English;
			hasScannedForEncodings = 0;
			knownRegions = (
				en,
			);
			mainGroup = 4F3872CA1636D8F00052F2EE;
			productRefGroup = 4F3872D61636D8F00052F2EE /* Products */;
			projectDirPath = "";
			projectRoot = "";
			targets = (
				4F3872D41636D8F00052F2EE /* SimpleRater */,
				4F3872F51636D8F00052F2EE /* SimpleRaterTests */,
			);
		};
/* End PBXProject section */

/* Begin PBXResourcesBuildPhase section */
		4F3872D31636D8F00052F2EE /* Resources */ = {
			isa = PBXResourcesBuildPhase;
			buildActionMask = 2147483647;
			files = (
				4F3872E41636D8F00052F2EE /* InfoPlist.strings in Resources */,
				4F3872EC1636D8F00052F2EE /* Default.png in Resources */,
				4F3872EE1636D8F00052F2EE /* Default@2x.png in Resources */,
				4F3872F01636D8F00052F2EE /* Default-568h@2x.png in Resources */,
			);
			runOnlyForDeploymentPostprocessing = 0;
		};
		4F3872F31636D8F00052F2EE /* Resources */ = {
			isa = PBXResourcesBuildPhase;
			buildActionMask = 2147483647;
			files = (
				4F3873021636D8F00052F2EE /* InfoPlist.strings in Resources */,
			);
			runOnlyForDeploymentPostprocessing = 0;
		};
/* End PBXResourcesBuildPhase section */

/* Begin PBXShellScriptBuildPhase section */
		4F3872F41636D8F00052F2EE /* ShellScript */ = {
			isa = PBXShellScriptBuildPhase;
			buildActionMask = 2147483647;
			files = (
			);
			inputPaths = (
			);
			outputPaths = (
			);
			runOnlyForDeploymentPostprocessing = 0;
			shellPath = /bin/sh;
			shellScript = "# Run the unit tests in this test bundle.\n\"${SYSTEM_DEVELOPER_DIR}/Tools/RunUnitTests\"\n";
		};
/* End PBXShellScriptBuildPhase section */

/* Begin PBXSourcesBuildPhase section */
		4F3872D11636D8F00052F2EE /* Sources */ = {
			isa = PBXSourcesBuildPhase;
			buildActionMask = 2147483647;
			files = (
				4F3872E61636D8F00052F2EE /* main.m in Sources */,
				4F3872EA1636D8F00052F2EE /* AppDelegate.m in Sources */,
				4F086FFA1637002E00E317C1 /* DZAppRater.m in Sources */,
			);
			runOnlyForDeploymentPostprocessing = 0;
		};
		4F3872F11636D8F00052F2EE /* Sources */ = {
			isa = PBXSourcesBuildPhase;
			buildActionMask = 2147483647;
			files = (
				4F3873051636D8F00052F2EE /* SimpleRaterTests.m in Sources */,
				4F44B5611636FF6D00DD9EDD /* DZAppRater.m in Sources */,
			);
			runOnlyForDeploymentPostprocessing = 0;
		};
/* End PBXSourcesBuildPhase section */

/* Begin PBXTargetDependency section */
		4F3872FC1636D8F00052F2EE /* PBXTargetDependency */ = {
			isa = PBXTargetDependency;
			target = 4F3872D41636D8F00052F2EE /* SimpleRater */;
			targetProxy = 4F3872FB1636D8F00052F2EE /* PBXContainerItemProxy */;
		};
/* End PBXTargetDependency section */

/* Begin PBXVariantGroup section */
		4F3872E21636D8F00052F2EE /* InfoPlist.strings */ = {
			isa = PBXVariantGroup;
			children = (
				4F3872E31636D8F00052F2EE /* en */,
			);
			name = InfoPlist.strings;
			sourceTree = "<group>";
		};
		4F3873001636D8F00052F2EE /* InfoPlist.strings */ = {
			isa = PBXVariantGroup;
			children = (
				4F3873011636D8F00052F2EE /* en */,
			);
			name = InfoPlist.strings;
			sourceTree = "<group>";
		};
/* End PBXVariantGroup section */

/* Begin XCBuildConfiguration section */
		4F3873061636D8F00052F2EE /* Debug */ = {
			isa = XCBuildConfiguration;
			buildSettings = {
				ALWAYS_SEARCH_USER_PATHS = NO;
				CLANG_CXX_LANGUAGE_STANDARD = "gnu++0x";
				CLANG_CXX_LIBRARY = "libc++";
				CLANG_ENABLE_OBJC_ARC = YES;
				CLANG_WARN_EMPTY_BODY = YES;
				CLANG_WARN__DUPLICATE_METHOD_MATCH = YES;
				CODE_SIGN_IDENTITY = "iPhone Developer";
				COPY_PHASE_STRIP = NO;
				GCC_C_LANGUAGE_STANDARD = gnu99;
				GCC_DYNAMIC_NO_PIC = NO;
				GCC_OPTIMIZATION_LEVEL = 0;
				GCC_PREPROCESSOR_DEFINITIONS = (
					"DEBUG=1",
					"$(inherited)",
				);
				GCC_SYMBOLS_PRIVATE_EXTERN = NO;
				GCC_WARN_ABOUT_RETURN_TYPE = YES;
				GCC_WARN_UNINITIALIZED_AUTOS = YES;
				GCC_WARN_UNUSED_VARIABLE = YES;
				IPHONEOS_DEPLOYMENT_TARGET = 6.0;
				ONLY_ACTIVE_ARCH = YES;
				PROVISIONING_PROFILE = "";
				SDKROOT = iphoneos;
				TARGETED_DEVICE_FAMILY = "1,2";
			};
			name = Debug;
		};
		4F3873071636D8F00052F2EE /* Release */ = {
			isa = XCBuildConfiguration;
			buildSettings = {
				ALWAYS_SEARCH_USER_PATHS = NO;
				CLANG_CXX_LANGUAGE_STANDARD = "gnu++0x";
				CLANG_CXX_LIBRARY = "libc++";
				CLANG_ENABLE_OBJC_ARC = YES;
				CLANG_WARN_EMPTY_BODY = YES;
				CLANG_WARN__DUPLICATE_METHOD_MATCH = YES;
				CODE_SIGN_IDENTITY = "iPhone Developer";
				COPY_PHASE_STRIP = YES;
				GCC_C_LANGUAGE_STANDARD = gnu99;
				GCC_WARN_ABOUT_RETURN_TYPE = YES;
				GCC_WARN_UNINITIALIZED_AUTOS = YES;
				GCC_WARN_UNUSED_VARIABLE = YES;
				IPHONEOS_DEPLOYMENT_TARGET = 6.0;
				OTHER_CFLAGS = "-DNS_BLOCK_ASSERTIONS=1";
				PROVISIONING_PROFILE = "";
				SDKROOT = iphoneos;
				TARGETED_DEVICE_FAMILY = "1,2";
				VALIDATE_PRODUCT = YES;
			};
			name = Release;
		};
		4F3873091636D8F00052F2EE /* Debug */ = {
			isa = XCBuildConfiguration;
			buildSettings = {
				GCC_PRECOMPILE_PREFIX_HEADER = YES;
				GCC_PREFIX_HEADER = "SimpleRater/SimpleRater-Prefix.pch";
				INFOPLIST_FILE = "SimpleRater/SimpleRater-Info.plist";
				PRODUCT_NAME = "$(TARGET_NAME)";
				WRAPPER_EXTENSION = app;
			};
			name = Debug;
		};
		4F38730A1636D8F00052F2EE /* Release */ = {
			isa = XCBuildConfiguration;
			buildSettings = {
				GCC_PRECOMPILE_PREFIX_HEADER = YES;
				GCC_PREFIX_HEADER = "SimpleRater/SimpleRater-Prefix.pch";
				INFOPLIST_FILE = "SimpleRater/SimpleRater-Info.plist";
				PRODUCT_NAME = "$(TARGET_NAME)";
				WRAPPER_EXTENSION = app;
			};
			name = Release;
		};
		4F38730C1636D8F00052F2EE /* Debug */ = {
			isa = XCBuildConfiguration;
			buildSettings = {
				BUNDLE_LOADER = "$(BUILT_PRODUCTS_DIR)/SimpleRater.app/SimpleRater";
				FRAMEWORK_SEARCH_PATHS = (
					"\"$(SDKROOT)/Developer/Library/Frameworks\"",
					"\"$(DEVELOPER_LIBRARY_DIR)/Frameworks\"",
				);
				GCC_PRECOMPILE_PREFIX_HEADER = YES;
				GCC_PREFIX_HEADER = "SimpleRater/SimpleRater-Prefix.pch";
				INFOPLIST_FILE = "SimpleRaterTests/SimpleRaterTests-Info.plist";
				PRODUCT_NAME = "$(TARGET_NAME)";
				TEST_HOST = "$(BUNDLE_LOADER)";
				WRAPPER_EXTENSION = octest;
			};
			name = Debug;
		};
		4F38730D1636D8F00052F2EE /* Release */ = {
			isa = XCBuildConfiguration;
			buildSettings = {
				BUNDLE_LOADER = "$(BUILT_PRODUCTS_DIR)/SimpleRater.app/SimpleRater";
				FRAMEWORK_SEARCH_PATHS = (
					"\"$(SDKROOT)/Developer/Library/Frameworks\"",
					"\"$(DEVELOPER_LIBRARY_DIR)/Frameworks\"",
				);
				GCC_PRECOMPILE_PREFIX_HEADER = YES;
				GCC_PREFIX_HEADER = "SimpleRater/SimpleRater-Prefix.pch";
				INFOPLIST_FILE = "SimpleRaterTests/SimpleRaterTests-Info.plist";
				PRODUCT_NAME = "$(TARGET_NAME)";
				TEST_HOST = "$(BUNDLE_LOADER)";
				WRAPPER_EXTENSION = octest;
			};
			name = Release;
		};
/* End XCBuildConfiguration section */

/* Begin XCConfigurationList section */
		4F3872CF1636D8F00052F2EE /* Build configuration list for PBXProject "SimpleRater" */ = {
			isa = XCConfigurationList;
			buildConfigurations = (
				4F3873061636D8F00052F2EE /* Debug */,
				4F3873071636D8F00052F2EE /* Release */,
			);
			defaultConfigurationIsVisible = 0;
			defaultConfigurationName = Release;
		};
		4F3873081636D8F00052F2EE /* Build configuration list for PBXNativeTarget "SimpleRater" */ = {
			isa = XCConfigurationList;
			buildConfigurations = (
				4F3873091636D8F00052F2EE /* Debug */,
				4F38730A1636D8F00052F2EE /* Release */,
			);
			defaultConfigurationIsVisible = 0;
			defaultConfigurationName = Release;
		};
		4F38730B1636D8F00052F2EE /* Build configuration list for PBXNativeTarget "SimpleRaterTests" */ = {
			isa = XCConfigurationList;
			buildConfigurations = (
				4F38730C1636D8F00052F2EE /* Debug */,
				4F38730D1636D8F00052F2EE /* Release */,
			);
			defaultConfigurationIsVisible = 0;
			defaultConfigurationName = Release;
		};
/* End XCConfigurationList section */
	};
	rootObject = 4F3872CC1636D8F00052F2EE /* Project object */;
}
