// !$*UTF8*$!
{
	archiveVersion = 1;
	classes = {
	};
	objectVersion = 46;
	objects = {

/* Begin PBXBuildFile section */
		4F3872DA1636D8F00052F2EE /* UIKit.framework in Frameworks */ = {isa = PBXBuildFile; fileRef = 4F3872D91636D8F00052F2EE /* UIKit.framework */; };
		4F3872DC1636D8F00052F2EE /* Foundation.framework in Frameworks */ = {isa = PBXBuildFile; fileRef = 4F3872DB1636D8F00052F2EE /* Foundation.framework */; };
		4F3872DE1636D8F00052F2EE /* CoreGraphics.framework in Frameworks */ = {isa = PBXBuildFile; fileRef = 4F3872DD1636D8F00052F2EE /* CoreGraphics.framework */; };
		4F3872E41636D8F00052F2EE /* InfoPlist.strings in Resources */ = {isa = PBXBuildFile; fileRef = 4F3872E21636D8F00052F2EE /* InfoPlist.strings */; };
		4F3872E61636D8F00052F2EE /* main.m in Sources */ = {isa = PBXBuildFile; fileRef = 4F3872E51636D8F00052F2EE /* main.m */; };
		4F3872EA1636D8F00052F2EE /* AppDelegate.m in Sources */ = {isa = PBXBuildFile; fileRef = 4F3872E91636D8F00052F2EE /* AppDelegate.m */; };
		4F3872EC1636D8F00052F2EE /* Default.png in Resources */ = {isa = PBXBuildFile; fileRef = 4F3872EB1636D8F00052F2EE /* Default.png */; };
		4F3872EE1636D8F00052F2EE /* Default@2x.png in Resources */ = {isa = PBXBuildFile; fileRef = 4F3872ED1636D8F00052F2EE /* Default@2x.png */; };
		4F3872F01636D8F00052F2EE /* Default-568h@2x.png in Resources */ = {isa = PBXBuildFile; fileRef = 4F3872EF1636D8F00052F2EE /* Default-568h@2x.png */; };
		4FBC448418A9257C00B3F7EF /* DZNAppRater.m in Sources */ = {isa = PBXBuildFile; fileRef = 4FBC448318A9257C00B3F7EF /* DZNAppRater.m */; };
/* End PBXBuildFile section */

/* Begin PBXFileReference section */
		4F3872D51636D8F00052F2EE /* SimpleRater.app */ = {isa = PBXFileReference; explicitFileType = wrapper.application; includeInIndex = 0; path = SimpleRater.app; sourceTree = BUILT_PRODUCTS_DIR; };
		4F3872D91636D8F00052F2EE /* UIKit.framework */ = {isa = PBXFileReference; lastKnownFileType = wrapper.framework; name = UIKit.framework; path = System/Library/Frameworks/UIKit.framework; sourceTree = SDKROOT; };
		4F3872DB1636D8F00052F2EE /* Foundation.framework */ = {isa = PBXFileReference; lastKnownFileType = wrapper.framework; name = Foundation.framework; path = System/Library/Frameworks/Foundation.framework; sourceTree = SDKROOT; };
		4F3872DD1636D8F00052F2EE /* CoreGraphics.framework */ = {isa = PBXFileReference; lastKnownFileType = wrapper.framework; name = CoreGraphics.framework; path = System/Library/Frameworks/CoreGraphics.framework; sourceTree = SDKROOT; };
		4F3872E11636D8F00052F2EE /* SimpleRater-Info.plist */ = {isa = PBXFileReference; lastKnownFileType = text.plist.xml; path = "SimpleRater-Info.plist"; sourceTree = "<group>"; };
		4F3872E31636D8F00052F2EE /* en */ = {isa = PBXFileReference; lastKnownFileType = text.plist.strings; name = en; path = en.lproj/InfoPlist.strings; sourceTree = "<group>"; };
		4F3872E51636D8F00052F2EE /* main.m */ = {isa = PBXFileReference; lastKnownFileType = sourcecode.c.objc; path = main.m; sourceTree = "<group>"; };
		4F3872E71636D8F00052F2EE /* SimpleRater-Prefix.pch */ = {isa = PBXFileReference; lastKnownFileType = sourcecode.c.h; path = "SimpleRater-Prefix.pch"; sourceTree = "<group>"; };
		4F3872E81636D8F00052F2EE /* AppDelegate.h */ = {isa = PBXFileReference; lastKnownFileType = sourcecode.c.h; path = AppDelegate.h; sourceTree = "<group>"; };
		4F3872E91636D8F00052F2EE /* AppDelegate.m */ = {isa = PBXFileReference; lastKnownFileType = sourcecode.c.objc; path = AppDelegate.m; sourceTree = "<group>"; };
		4F3872EB1636D8F00052F2EE /* Default.png */ = {isa = PBXFileReference; lastKnownFileType = image.png; path = Default.png; sourceTree = "<group>"; };
		4F3872ED1636D8F00052F2EE /* Default@2x.png */ = {isa = PBXFileReference; lastKnownFileType = image.png; path = "Default@2x.png"; sourceTree = "<group>"; };
		4F3872EF1636D8F00052F2EE /* Default-568h@2x.png */ = {isa = PBXFileReference; lastKnownFileType = image.png; path = "Default-568h@2x.png"; sourceTree = "<group>"; };
		4F3872F71636D8F00052F2EE /* SenTestingKit.framework */ = {isa = PBXFileReference; lastKnownFileType = wrapper.framework; name = SenTestingKit.framework; path = Library/Frameworks/SenTestingKit.framework; sourceTree = DEVELOPER_DIR; };
		4FBC448218A9257C00B3F7EF /* DZNAppRater.h */ = {isa = PBXFileReference; fileEncoding = 4; lastKnownFileType = sourcecode.c.h; path = DZNAppRater.h; sourceTree = "<group>"; };
		4FBC448318A9257C00B3F7EF /* DZNAppRater.m */ = {isa = PBXFileReference; fileEncoding = 4; lastKnownFileType = sourcecode.c.objc; path = DZNAppRater.m; sourceTree = "<group>"; };
/* End PBXFileReference section */

/* Begin PBXFrameworksBuildPhase section */
		4F3872D21636D8F00052F2EE /* Frameworks */ = {
			isa = PBXFrameworksBuildPhase;
			buildActionMask = 2147483647;
			files = (
				4F3872DA1636D8F00052F2EE /* UIKit.framework in Frameworks */,
				4F3872DC1636D8F00052F2EE /* Foundation.framework in Frameworks */,
				4F3872DE1636D8F00052F2EE /* CoreGraphics.framework in Frameworks */,
			);
			runOnlyForDeploymentPostprocessing = 0;
		};
/* End PBXFrameworksBuildPhase section */

/* Begin PBXGroup section */
		4F3872CA1636D8F00052F2EE = {
			isa = PBXGroup;
			children = (
				4F3872DF1636D8F00052F2EE /* SimpleRater */,
				4FBC448118A9257C00B3F7EF /* Source */,
				4F3872D81636D8F00052F2EE /* Frameworks */,
				4F3872D61636D8F00052F2EE /* Products */,
			);
			sourceTree = "<group>";
		};
		4F3872D61636D8F00052F2EE /* Products */ = {
			isa = PBXGroup;
			children = (
				4F3872D51636D8F00052F2EE /* SimpleRater.app */,
			);
			name = Products;
			sourceTree = "<group>";
		};
		4F3872D81636D8F00052F2EE /* Frameworks */ = {
			isa = PBXGroup;
			children = (
				4F3872D91636D8F00052F2EE /* UIKit.framework */,
				4F3872DB1636D8F00052F2EE /* Foundation.framework */,
				4F3872DD1636D8F00052F2EE /* CoreGraphics.framework */,
				4F3872F71636D8F00052F2EE /* SenTestingKit.framework */,
			);
			name = Frameworks;
			sourceTree = "<group>";
		};
		4F3872DF1636D8F00052F2EE /* SimpleRater */ = {
			isa = PBXGroup;
			children = (
				4F3872E81636D8F00052F2EE /* AppDelegate.h */,
				4F3872E91636D8F00052F2EE /* AppDelegate.m */,
				4F3872E01636D8F00052F2EE /* Supporting Files */,
			);
			path = SimpleRater;
			sourceTree = "<group>";
		};
		4F3872E01636D8F00052F2EE /* Supporting Files */ = {
			isa = PBXGroup;
			children = (
				4F3872E11636D8F00052F2EE /* SimpleRater-Info.plist */,
				4F3872E21636D8F00052F2EE /* InfoPlist.strings */,
				4F3872E51636D8F00052F2EE /* main.m */,
				4F3872E71636D8F00052F2EE /* SimpleRater-Prefix.pch */,
				4F3872EB1636D8F00052F2EE /* Default.png */,
				4F3872ED1636D8F00052F2EE /* Default@2x.png */,
				4F3872EF1636D8F00052F2EE /* Default-568h@2x.png */,
			);
			name = "Supporting Files";
			sourceTree = "<group>";
		};
		4FBC448118A9257C00B3F7EF /* Source */ = {
			isa = PBXGroup;
			children = (
				4FBC448218A9257C00B3F7EF /* DZNAppRater.h */,
				4FBC448318A9257C00B3F7EF /* DZNAppRater.m */,
			);
			name = Source;
			path = ../../Source;
			sourceTree = "<group>";
		};
/* End PBXGroup section */

/* Begin PBXNativeTarget section */
		4F3872D41636D8F00052F2EE /* SimpleRater */ = {
			isa = PBXNativeTarget;
			buildConfigurationList = 4F3873081636D8F00052F2EE /* Build configuration list for PBXNativeTarget "SimpleRater" */;
			buildPhases = (
				4F3872D11636D8F00052F2EE /* Sources */,
				4F3872D21636D8F00052F2EE /* Frameworks */,
				4F3872D31636D8F00052F2EE /* Resources */,
			);
			buildRules = (
			);
			dependencies = (
			);
			name = SimpleRater;
			productName = SimpleRater;
			productReference = 4F3872D51636D8F00052F2EE /* SimpleRater.app */;
			productType = "com.apple.product-type.application";
		};
/* End PBXNativeTarget section */

/* Begin PBXProject section */
		4F3872CC1636D8F00052F2EE /* Project object */ = {
			isa = PBXProject;
			attributes = {
				LastUpgradeCheck = 0450;
				ORGANIZATIONNAME = DZEN;
			};
			buildConfigurationList = 4F3872CF1636D8F00052F2EE /* Build configuration list for PBXProject "SimpleRater" */;
			compatibilityVersion = "Xcode 3.2";
			developmentRegion = English;
			hasScannedForEncodings = 0;
			knownRegions = (
				en,
			);
			mainGroup = 4F3872CA1636D8F00052F2EE;
			productRefGroup = 4F3872D61636D8F00052F2EE /* Products */;
			projectDirPath = "";
			projectRoot = "";
			targets = (
				4F3872D41636D8F00052F2EE /* SimpleRater */,
			);
		};
/* End PBXProject section */

/* Begin PBXResourcesBuildPhase section */
		4F3872D31636D8F00052F2EE /* Resources */ = {
			isa = PBXResourcesBuildPhase;
			buildActionMask = 2147483647;
			files = (
				4F3872E41636D8F00052F2EE /* InfoPlist.strings in Resources */,
				4F3872EC1636D8F00052F2EE /* Default.png in Resources */,
				4F3872EE1636D8F00052F2EE /* Default@2x.png in Resources */,
				4F3872F01636D8F00052F2EE /* Default-568h@2x.png in Resources */,
			);
			runOnlyForDeploymentPostprocessing = 0;
		};
/* End PBXResourcesBuildPhase section */

/* Begin PBXSourcesBuildPhase section */
		4F3872D11636D8F00052F2EE /* Sources */ = {
			isa = PBXSourcesBuildPhase;
			buildActionMask = 2147483647;
			files = (
				4F3872E61636D8F00052F2EE /* main.m in Sources */,
				4F3872EA1636D8F00052F2EE /* AppDelegate.m in Sources */,
				4FBC448418A9257C00B3F7EF /* DZNAppRater.m in Sources */,
			);
			runOnlyForDeploymentPostprocessing = 0;
		};
/* End PBXSourcesBuildPhase section */

/* Begin PBXVariantGroup section */
		4F3872E21636D8F00052F2EE /* InfoPlist.strings */ = {
			isa = PBXVariantGroup;
			children = (
				4F3872E31636D8F00052F2EE /* en */,
			);
			name = InfoPlist.strings;
			sourceTree = "<group>";
		};
/* End PBXVariantGroup section */

/* Begin XCBuildConfiguration section */
		4F3873061636D8F00052F2EE /* Debug */ = {
			isa = XCBuildConfiguration;
			buildSettings = {
				ALWAYS_SEARCH_USER_PATHS = NO;
				CLANG_CXX_LANGUAGE_STANDARD = "gnu++0x";
				CLANG_CXX_LIBRARY = "libc++";
				CLANG_ENABLE_OBJC_ARC = YES;
				CLANG_WARN_EMPTY_BODY = YES;
				CLANG_WARN__DUPLICATE_METHOD_MATCH = YES;
				CODE_SIGN_IDENTITY = "iPhone Developer";
				COPY_PHASE_STRIP = NO;
				GCC_C_LANGUAGE_STANDARD = gnu99;
				GCC_DYNAMIC_NO_PIC = NO;
				GCC_OPTIMIZATION_LEVEL = 0;
				GCC_PREPROCESSOR_DEFINITIONS = (
					"DEBUG=1",
					"$(inherited)",
				);
				GCC_SYMBOLS_PRIVATE_EXTERN = NO;
				GCC_WARN_ABOUT_RETURN_TYPE = YES;
				GCC_WARN_UNINITIALIZED_AUTOS = YES;
				GCC_WARN_UNUSED_VARIABLE = YES;
				IPHONEOS_DEPLOYMENT_TARGET = 4.3;
				ONLY_ACTIVE_ARCH = YES;
				PROVISIONING_PROFILE = "";
				SDKROOT = iphoneos;
				TARGETED_DEVICE_FAMILY = "1,2";
			};
			name = Debug;
		};
		4F3873071636D8F00052F2EE /* Release */ = {
			isa = XCBuildConfiguration;
			buildSettings = {
				ALWAYS_SEARCH_USER_PATHS = NO;
				CLANG_CXX_LANGUAGE_STANDARD = "gnu++0x";
				CLANG_CXX_LIBRARY = "libc++";
				CLANG_ENABLE_OBJC_ARC = YES;
				CLANG_WARN_EMPTY_BODY = YES;
				CLANG_WARN__DUPLICATE_METHOD_MATCH = YES;
				CODE_SIGN_IDENTITY = "iPhone Developer";
				COPY_PHASE_STRIP = YES;
				GCC_C_LANGUAGE_STANDARD = gnu99;
				GCC_WARN_ABOUT_RETURN_TYPE = YES;
				GCC_WARN_UNINITIALIZED_AUTOS = YES;
				GCC_WARN_UNUSED_VARIABLE = YES;
				IPHONEOS_DEPLOYMENT_TARGET = 4.3;
				OTHER_CFLAGS = "-DNS_BLOCK_ASSERTIONS=1";
				PROVISIONING_PROFILE = "";
				SDKROOT = iphoneos;
				TARGETED_DEVICE_FAMILY = "1,2";
				VALIDATE_PRODUCT = YES;
			};
			name = Release;
		};
		4F3873091636D8F00052F2EE /* Debug */ = {
			isa = XCBuildConfiguration;
			buildSettings = {
				GCC_PRECOMPILE_PREFIX_HEADER = YES;
				GCC_PREFIX_HEADER = "SimpleRater/SimpleRater-Prefix.pch";
				INFOPLIST_FILE = "SimpleRater/SimpleRater-Info.plist";
				PRODUCT_NAME = "$(TARGET_NAME)";
				WRAPPER_EXTENSION = app;
			};
			name = Debug;
		};
		4F38730A1636D8F00052F2EE /* Release */ = {
			isa = XCBuildConfiguration;
			buildSettings = {
				GCC_PRECOMPILE_PREFIX_HEADER = YES;
				GCC_PREFIX_HEADER = "SimpleRater/SimpleRater-Prefix.pch";
				INFOPLIST_FILE = "SimpleRater/SimpleRater-Info.plist";
				PRODUCT_NAME = "$(TARGET_NAME)";
				WRAPPER_EXTENSION = app;
			};
			name = Release;
		};
/* End XCBuildConfiguration section */

/* Begin XCConfigurationList section */
		4F3872CF1636D8F00052F2EE /* Build configuration list for PBXProject "SimpleRater" */ = {
			isa = XCConfigurationList;
			buildConfigurations = (
				4F3873061636D8F00052F2EE /* Debug */,
				4F3873071636D8F00052F2EE /* Release */,
			);
			defaultConfigurationIsVisible = 0;
			defaultConfigurationName = Release;
		};
		4F3873081636D8F00052F2EE /* Build configuration list for PBXNativeTarget "SimpleRater" */ = {
			isa = XCConfigurationList;
			buildConfigurations = (
				4F3873091636D8F00052F2EE /* Debug */,
				4F38730A1636D8F00052F2EE /* Release */,
			);
			defaultConfigurationIsVisible = 0;
			defaultConfigurationName = Release;
		};
/* End XCConfigurationList section */
	};
	rootObject = 4F3872CC1636D8F00052F2EE /* Project object */;
}
